
Microsoft Visual Studio Solution File, Format Version 12.00
Project("{FAE04EC0-301F-11D3-BF4B-00C04F79EFBC}") = "Qafi", "Qafi\Qafi.csproj", "{41B3B620-FACD-4772-A69B-6425A273CB0A}"
EndProject
Project("{FAE04EC0-301F-11D3-BF4B-00C04F79EFBC}") = "Qafi.Test", "Qafi.Test\Qafi.Test.csproj", "{5BF124ED-F3C6-4AF8-B613-097BAE8EE887}"
EndProject
Global
	GlobalSection(SolutionConfigurationPlatforms) = preSolution
		Debug|Any CPU = Debug|Any CPU
		Release|Any CPU = Release|Any CPU
	EndGlobalSection
	GlobalSection(ProjectConfigurationPlatforms) = postSolution
		{41B3B620-FACD-4772-A69B-6425A273CB0A}.Debug|Any CPU.ActiveCfg = Debug|Any CPU
		{41B3B620-FACD-4772-A69B-6425A273CB0A}.Debug|Any CPU.Build.0 = Debug|Any CPU
		{41B3B620-FACD-4772-A69B-6425A273CB0A}.Release|Any CPU.ActiveCfg = Release|Any CPU
		{41B3B620-FACD-4772-A69B-6425A273CB0A}.Release|Any CPU.Build.0 = Release|Any CPU
		{5BF124ED-F3C6-4AF8-B613-097BAE8EE887}.Debug|Any CPU.ActiveCfg = Debug|Any CPU
		{5BF124ED-F3C6-4AF8-B613-097BAE8EE887}.Debug|Any CPU.Build.0 = Debug|Any CPU
		{5BF124ED-F3C6-4AF8-B613-097BAE8EE887}.Release|Any CPU.ActiveCfg = Release|Any CPU
		{5BF124ED-F3C6-4AF8-B613-097BAE8EE887}.Release|Any CPU.Build.0 = Release|Any CPU
	EndGlobalSection
EndGlobal
